// !$*UTF8*$!
{
	archiveVersion = 1;
	classes = {
	};
	objectVersion = 46;
	objects = {

/* Begin PBXBuildFile section */
		7C086B461D6FB4D20034648C /* LoggingCoordinator.swift in Sources */ = {isa = PBXBuildFile; fileRef = 7C086B451D6FB4D20034648C /* LoggingCoordinator.swift */; };
		7C09E2991D6D3836002F986C /* AppDelegate.swift in Sources */ = {isa = PBXBuildFile; fileRef = 7C09E2981D6D3836002F986C /* AppDelegate.swift */; };
		7C09E29D1D6D3836002F986C /* Assets.xcassets in Resources */ = {isa = PBXBuildFile; fileRef = 7C09E29C1D6D3836002F986C /* Assets.xcassets */; };
		7C09E2A01D6D3836002F986C /* Main.storyboard in Resources */ = {isa = PBXBuildFile; fileRef = 7C09E29E1D6D3836002F986C /* Main.storyboard */; };
		7C09E2AB1D6D4C08002F986C /* ServerCoordinator.swift in Sources */ = {isa = PBXBuildFile; fileRef = 7C09E2AA1D6D4C08002F986C /* ServerCoordinator.swift */; };
		7C09E2AE1D6D4C41002F986C /* MessageHandler.swift in Sources */ = {isa = PBXBuildFile; fileRef = 7C09E2AD1D6D4C41002F986C /* MessageHandler.swift */; };
		7C09E2B11D6D4C79002F986C /* MessageHandlerViewController.swift in Sources */ = {isa = PBXBuildFile; fileRef = 7C09E2B01D6D4C79002F986C /* MessageHandlerViewController.swift */; };
		7C09E2B41D6D4CA5002F986C /* NSUserDefaults+ServerPreferences.swift in Sources */ = {isa = PBXBuildFile; fileRef = 7C09E2B31D6D4CA5002F986C /* NSUserDefaults+ServerPreferences.swift */; };
		7C09E2B71D6D4D15002F986C /* SharkCommand.swift in Sources */ = {isa = PBXBuildFile; fileRef = 7C09E2B61D6D4D15002F986C /* SharkCommand.swift */; };
		7C09E2B91D6D4D2C002F986C /* SharkCommandInterpreter.swift in Sources */ = {isa = PBXBuildFile; fileRef = 7C09E2B81D6D4D2C002F986C /* SharkCommandInterpreter.swift */; };
		7C09E2BB1D6D4D35002F986C /* SharkResponse.swift in Sources */ = {isa = PBXBuildFile; fileRef = 7C09E2BA1D6D4D35002F986C /* SharkResponse.swift */; };
		7C09E2BE1D6D4E6B002F986C /* Logging.swift in Sources */ = {isa = PBXBuildFile; fileRef = 7C09E2BD1D6D4E6B002F986C /* Logging.swift */; };
		7C09E2C01D6D4F43002F986C /* IPGeneral.swift in Sources */ = {isa = PBXBuildFile; fileRef = 7C09E2BF1D6D4F43002F986C /* IPGeneral.swift */; };
		7C09E2C21D6D4F58002F986C /* UDPService.swift in Sources */ = {isa = PBXBuildFile; fileRef = 7C09E2C11D6D4F58002F986C /* UDPService.swift */; };
		7C09E2CA1D6D4F96002F986C /* GCDAsyncUdpSocket.m in Sources */ = {isa = PBXBuildFile; fileRef = 7C09E2C91D6D4F96002F986C /* GCDAsyncUdpSocket.m */; };
		7C09E2CC1D6D5537002F986C /* PreferencesViewController.swift in Sources */ = {isa = PBXBuildFile; fileRef = 7C09E2CB1D6D5537002F986C /* PreferencesViewController.swift */; };
		7C09E2CE1D6D5675002F986C /* LogViewController.swift in Sources */ = {isa = PBXBuildFile; fileRef = 7C09E2CD1D6D5675002F986C /* LogViewController.swift */; };
		7C09E2D21D6D5966002F986C /* VideoPlayerCoordinator.swift in Sources */ = {isa = PBXBuildFile; fileRef = 7C09E2D11D6D5966002F986C /* VideoPlayerCoordinator.swift */; };
		7C09E2D41D6D5988002F986C /* VideoURLPlaybackRequester.swift in Sources */ = {isa = PBXBuildFile; fileRef = 7C09E2D31D6D5988002F986C /* VideoURLPlaybackRequester.swift */; };
		7C09E2D61D6D59C4002F986C /* SharkVideoCoordination.swift in Sources */ = {isa = PBXBuildFile; fileRef = 7C09E2D51D6D59C4002F986C /* SharkVideoCoordination.swift */; };
		7C09E2DB1D6D5B1A002F986C /* PlayerWindowController.swift in Sources */ = {isa = PBXBuildFile; fileRef = 7C09E2D91D6D5B1A002F986C /* PlayerWindowController.swift */; };
		7C09E2DC1D6D5B1A002F986C /* PlayerViewController.swift in Sources */ = {isa = PBXBuildFile; fileRef = 7C09E2DA1D6D5B1A002F986C /* PlayerViewController.swift */; };
		7C09E2E01D6D5D02002F986C /* OpenURLPromptWindowController.swift in Sources */ = {isa = PBXBuildFile; fileRef = 7C09E2DE1D6D5D02002F986C /* OpenURLPromptWindowController.swift */; };
		7C09E2E11D6D5D02002F986C /* OpenURLPromptViewController.swift in Sources */ = {isa = PBXBuildFile; fileRef = 7C09E2DF1D6D5D02002F986C /* OpenURLPromptViewController.swift */; };
		7C09E96D1D708CA000EC50FA /* CMTime+Convenience.swift in Sources */ = {isa = PBXBuildFile; fileRef = 7C09E96C1D708CA000EC50FA /* CMTime+Convenience.swift */; };
		7CAD50461D6DACCD00DF8F99 /* NSJSONDictionaryHelpers.swift in Sources */ = {isa = PBXBuildFile; fileRef = 7CAD50451D6DACCD00DF8F99 /* NSJSONDictionaryHelpers.swift */; };
		7CDBB32A1D70FE5200D1CF5A /* trap.swift in Sources */ = {isa = PBXBuildFile; fileRef = 7CDBB3271D70FE5200D1CF5A /* trap.swift */; };
		7CDBB32B1D70FE5200D1CF5A /* WBTry.m in Sources */ = {isa = PBXBuildFile; fileRef = 7CDBB3291D70FE5200D1CF5A /* WBTry.m */; };
/* End PBXBuildFile section */

/* Begin PBXFileReference section */
		7C086B451D6FB4D20034648C /* LoggingCoordinator.swift */ = {isa = PBXFileReference; fileEncoding = 4; lastKnownFileType = sourcecode.swift; path = LoggingCoordinator.swift; sourceTree = "<group>"; };
		7C09E2951D6D3836002F986C /* SharktopodaTest.app */ = {isa = PBXFileReference; explicitFileType = wrapper.application; includeInIndex = 0; path = SharktopodaTest.app; sourceTree = BUILT_PRODUCTS_DIR; };
		7C09E2981D6D3836002F986C /* AppDelegate.swift */ = {isa = PBXFileReference; lastKnownFileType = sourcecode.swift; path = AppDelegate.swift; sourceTree = "<group>"; };
		7C09E29C1D6D3836002F986C /* Assets.xcassets */ = {isa = PBXFileReference; lastKnownFileType = folder.assetcatalog; path = Assets.xcassets; sourceTree = "<group>"; };
		7C09E29F1D6D3836002F986C /* Base */ = {isa = PBXFileReference; lastKnownFileType = file.storyboard; name = Base; path = Base.lproj/Main.storyboard; sourceTree = "<group>"; };
		7C09E2A11D6D3836002F986C /* Info.plist */ = {isa = PBXFileReference; lastKnownFileType = text.plist.xml; path = Info.plist; sourceTree = "<group>"; };
		7C09E2A71D6D3885002F986C /* notes.txt */ = {isa = PBXFileReference; fileEncoding = 4; lastKnownFileType = text; path = notes.txt; sourceTree = "<group>"; };
		7C09E2AA1D6D4C08002F986C /* ServerCoordinator.swift */ = {isa = PBXFileReference; fileEncoding = 4; lastKnownFileType = sourcecode.swift; path = ServerCoordinator.swift; sourceTree = "<group>"; };
		7C09E2AD1D6D4C41002F986C /* MessageHandler.swift */ = {isa = PBXFileReference; fileEncoding = 4; lastKnownFileType = sourcecode.swift; path = MessageHandler.swift; sourceTree = "<group>"; };
		7C09E2B01D6D4C79002F986C /* MessageHandlerViewController.swift */ = {isa = PBXFileReference; fileEncoding = 4; lastKnownFileType = sourcecode.swift; path = MessageHandlerViewController.swift; sourceTree = "<group>"; };
		7C09E2B31D6D4CA5002F986C /* NSUserDefaults+ServerPreferences.swift */ = {isa = PBXFileReference; fileEncoding = 4; lastKnownFileType = sourcecode.swift; path = "NSUserDefaults+ServerPreferences.swift"; sourceTree = "<group>"; };
		7C09E2B61D6D4D15002F986C /* SharkCommand.swift */ = {isa = PBXFileReference; fileEncoding = 4; lastKnownFileType = sourcecode.swift; path = SharkCommand.swift; sourceTree = "<group>"; };
		7C09E2B81D6D4D2C002F986C /* SharkCommandInterpreter.swift */ = {isa = PBXFileReference; fileEncoding = 4; lastKnownFileType = sourcecode.swift; path = SharkCommandInterpreter.swift; sourceTree = "<group>"; };
		7C09E2BA1D6D4D35002F986C /* SharkResponse.swift */ = {isa = PBXFileReference; fileEncoding = 4; lastKnownFileType = sourcecode.swift; path = SharkResponse.swift; sourceTree = "<group>"; };
		7C09E2BD1D6D4E6B002F986C /* Logging.swift */ = {isa = PBXFileReference; fileEncoding = 4; lastKnownFileType = sourcecode.swift; path = Logging.swift; sourceTree = "<group>"; };
		7C09E2BF1D6D4F43002F986C /* IPGeneral.swift */ = {isa = PBXFileReference; fileEncoding = 4; lastKnownFileType = sourcecode.swift; path = IPGeneral.swift; sourceTree = "<group>"; };
		7C09E2C11D6D4F58002F986C /* UDPService.swift */ = {isa = PBXFileReference; fileEncoding = 4; lastKnownFileType = sourcecode.swift; path = UDPService.swift; sourceTree = "<group>"; };
		7C09E2C71D6D4F96002F986C /* SharktopodaTest-Bridging-Header.h */ = {isa = PBXFileReference; lastKnownFileType = sourcecode.c.h; path = "SharktopodaTest-Bridging-Header.h"; sourceTree = "<group>"; };
		7C09E2C81D6D4F96002F986C /* GCDAsyncUdpSocket.h */ = {isa = PBXFileReference; fileEncoding = 4; lastKnownFileType = sourcecode.c.h; path = GCDAsyncUdpSocket.h; sourceTree = "<group>"; };
		7C09E2C91D6D4F96002F986C /* GCDAsyncUdpSocket.m */ = {isa = PBXFileReference; fileEncoding = 4; lastKnownFileType = sourcecode.c.objc; path = GCDAsyncUdpSocket.m; sourceTree = "<group>"; };
		7C09E2CB1D6D5537002F986C /* PreferencesViewController.swift */ = {isa = PBXFileReference; fileEncoding = 4; lastKnownFileType = sourcecode.swift; path = PreferencesViewController.swift; sourceTree = "<group>"; };
		7C09E2CD1D6D5675002F986C /* LogViewController.swift */ = {isa = PBXFileReference; fileEncoding = 4; lastKnownFileType = sourcecode.swift; path = LogViewController.swift; sourceTree = "<group>"; };
		7C09E2D11D6D5966002F986C /* VideoPlayerCoordinator.swift */ = {isa = PBXFileReference; fileEncoding = 4; lastKnownFileType = sourcecode.swift; path = VideoPlayerCoordinator.swift; sourceTree = "<group>"; };
		7C09E2D31D6D5988002F986C /* VideoURLPlaybackRequester.swift */ = {isa = PBXFileReference; fileEncoding = 4; lastKnownFileType = sourcecode.swift; path = VideoURLPlaybackRequester.swift; sourceTree = "<group>"; };
		7C09E2D51D6D59C4002F986C /* SharkVideoCoordination.swift */ = {isa = PBXFileReference; fileEncoding = 4; lastKnownFileType = sourcecode.swift; path = SharkVideoCoordination.swift; sourceTree = "<group>"; };
		7C09E2D91D6D5B1A002F986C /* PlayerWindowController.swift */ = {isa = PBXFileReference; fileEncoding = 4; lastKnownFileType = sourcecode.swift; path = PlayerWindowController.swift; sourceTree = "<group>"; };
		7C09E2DA1D6D5B1A002F986C /* PlayerViewController.swift */ = {isa = PBXFileReference; fileEncoding = 4; lastKnownFileType = sourcecode.swift; path = PlayerViewController.swift; sourceTree = "<group>"; };
		7C09E2DE1D6D5D02002F986C /* OpenURLPromptWindowController.swift */ = {isa = PBXFileReference; fileEncoding = 4; lastKnownFileType = sourcecode.swift; path = OpenURLPromptWindowController.swift; sourceTree = "<group>"; };
		7C09E2DF1D6D5D02002F986C /* OpenURLPromptViewController.swift */ = {isa = PBXFileReference; fileEncoding = 4; lastKnownFileType = sourcecode.swift; path = OpenURLPromptViewController.swift; sourceTree = "<group>"; };
		7C09E96C1D708CA000EC50FA /* CMTime+Convenience.swift */ = {isa = PBXFileReference; fileEncoding = 4; lastKnownFileType = sourcecode.swift; path = "CMTime+Convenience.swift"; sourceTree = "<group>"; };
		7CAD50451D6DACCD00DF8F99 /* NSJSONDictionaryHelpers.swift */ = {isa = PBXFileReference; fileEncoding = 4; lastKnownFileType = sourcecode.swift; path = NSJSONDictionaryHelpers.swift; sourceTree = "<group>"; };
		7CDBB3251D70F8F200D1CF5A /* SharktopodaTest.entitlements */ = {isa = PBXFileReference; lastKnownFileType = text.xml; path = SharktopodaTest.entitlements; sourceTree = "<group>"; };
		7CDBB3271D70FE5200D1CF5A /* trap.swift */ = {isa = PBXFileReference; fileEncoding = 4; lastKnownFileType = sourcecode.swift; path = trap.swift; sourceTree = "<group>"; };
		7CDBB3281D70FE5200D1CF5A /* WBTry.h */ = {isa = PBXFileReference; fileEncoding = 4; lastKnownFileType = sourcecode.c.h; path = WBTry.h; sourceTree = "<group>"; };
		7CDBB3291D70FE5200D1CF5A /* WBTry.m */ = {isa = PBXFileReference; fileEncoding = 4; lastKnownFileType = sourcecode.c.objc; path = WBTry.m; sourceTree = "<group>"; };
/* End PBXFileReference section */

/* Begin PBXFrameworksBuildPhase section */
		7C09E2921D6D3836002F986C /* Frameworks */ = {
			isa = PBXFrameworksBuildPhase;
			buildActionMask = 2147483647;
			files = (
			);
			runOnlyForDeploymentPostprocessing = 0;
		};
/* End PBXFrameworksBuildPhase section */

/* Begin PBXGroup section */
		7C09E28C1D6D3836002F986C = {
			isa = PBXGroup;
			children = (
				7C09E2A71D6D3885002F986C /* notes.txt */,
				7C09E2971D6D3836002F986C /* SharktopodaTest */,
				7C09E2961D6D3836002F986C /* Products */,
			);
			sourceTree = "<group>";
		};
		7C09E2961D6D3836002F986C /* Products */ = {
			isa = PBXGroup;
			children = (
				7C09E2951D6D3836002F986C /* SharktopodaTest.app */,
			);
			name = Products;
			sourceTree = "<group>";
		};
		7C09E2971D6D3836002F986C /* SharktopodaTest */ = {
			isa = PBXGroup;
			children = (
				7CDBB3251D70F8F200D1CF5A /* SharktopodaTest.entitlements */,
				7C09E2A91D6D4BF4002F986C /* Coordinator */,
				7C09E2AF1D6D4C52002F986C /* Controller */,
				7C09E2B51D6D4D04002F986C /* Model */,
				7C09E2AC1D6D4C29002F986C /* Networking */,
				7C09E2B21D6D4C9A002F986C /* Preferences & Defaults */,
				7C09E29C1D6D3836002F986C /* Assets.xcassets */,
				7C09E29E1D6D3836002F986C /* Main.storyboard */,
				7C09E2A11D6D3836002F986C /* Info.plist */,
				7C09E2C71D6D4F96002F986C /* SharktopodaTest-Bridging-Header.h */,
			);
			path = SharktopodaTest;
			sourceTree = "<group>";
		};
		7C09E2A91D6D4BF4002F986C /* Coordinator */ = {
			isa = PBXGroup;
			children = (
				7C09E2981D6D3836002F986C /* AppDelegate.swift */,
				7C09E2D01D6D5949002F986C /* GUI Side */,
				7C09E2CF1D6D593F002F986C /* Server Side */,
			);
			name = Coordinator;
			sourceTree = "<group>";
		};
		7C09E2AC1D6D4C29002F986C /* Networking */ = {
			isa = PBXGroup;
			children = (
				7C09E2AD1D6D4C41002F986C /* MessageHandler.swift */,
				7C09E2BF1D6D4F43002F986C /* IPGeneral.swift */,
				7C09E2C11D6D4F58002F986C /* UDPService.swift */,
				7C09E2C51D6D4F79002F986C /* Third Party */,
			);
			name = Networking;
			sourceTree = "<group>";
		};
		7C09E2AF1D6D4C52002F986C /* Controller */ = {
			isa = PBXGroup;
			children = (
				7C09E2D81D6D5AF2002F986C /* Video Player */,
				7C09E2DD1D6D5CF6002F986C /* Open URL Prompt */,
				7C09E2D71D6D5AD4002F986C /* Server Side */,
			);
			name = Controller;
			sourceTree = "<group>";
		};
		7C09E2B21D6D4C9A002F986C /* Preferences & Defaults */ = {
			isa = PBXGroup;
			children = (
				7C09E2B31D6D4CA5002F986C /* NSUserDefaults+ServerPreferences.swift */,
			);
			name = "Preferences & Defaults";
			sourceTree = "<group>";
		};
		7C09E2B51D6D4D04002F986C /* Model */ = {
			isa = PBXGroup;
			children = (
				7C09E2B61D6D4D15002F986C /* SharkCommand.swift */,
				7C09E2B81D6D4D2C002F986C /* SharkCommandInterpreter.swift */,
				7C09E2BA1D6D4D35002F986C /* SharkResponse.swift */,
				7CAD50451D6DACCD00DF8F99 /* NSJSONDictionaryHelpers.swift */,
				7C09E96C1D708CA000EC50FA /* CMTime+Convenience.swift */,
				7C09E2BC1D6D4DF7002F986C /* Logging */,
			);
			name = Model;
			sourceTree = "<group>";
		};
		7C09E2BC1D6D4DF7002F986C /* Logging */ = {
			isa = PBXGroup;
			children = (
				7C09E2BD1D6D4E6B002F986C /* Logging.swift */,
			);
			name = Logging;
			sourceTree = "<group>";
		};
		7C09E2C51D6D4F79002F986C /* Third Party */ = {
			isa = PBXGroup;
			children = (
				7CDBB3261D70FE3A00D1CF5A /* Weebly_Try */,
				7C09E2C61D6D4F8C002F986C /* CocoaAsynchSocket */,
			);
			name = "Third Party";
			sourceTree = "<group>";
		};
		7C09E2C61D6D4F8C002F986C /* CocoaAsynchSocket */ = {
			isa = PBXGroup;
			children = (
				7C09E2C81D6D4F96002F986C /* GCDAsyncUdpSocket.h */,
				7C09E2C91D6D4F96002F986C /* GCDAsyncUdpSocket.m */,
			);
			name = CocoaAsynchSocket;
			sourceTree = "<group>";
		};
		7C09E2CF1D6D593F002F986C /* Server Side */ = {
			isa = PBXGroup;
			children = (
				7C09E2AA1D6D4C08002F986C /* ServerCoordinator.swift */,
			);
			name = "Server Side";
			sourceTree = "<group>";
		};
		7C09E2D01D6D5949002F986C /* GUI Side */ = {
			isa = PBXGroup;
			children = (
				7C09E2D51D6D59C4002F986C /* SharkVideoCoordination.swift */,
				7C09E2D11D6D5966002F986C /* VideoPlayerCoordinator.swift */,
				7C09E2D31D6D5988002F986C /* VideoURLPlaybackRequester.swift */,
				7C086B451D6FB4D20034648C /* LoggingCoordinator.swift */,
			);
			name = "GUI Side";
			sourceTree = "<group>";
		};
		7C09E2D71D6D5AD4002F986C /* Server Side */ = {
			isa = PBXGroup;
			children = (
				7C09E2B01D6D4C79002F986C /* MessageHandlerViewController.swift */,
				7C09E2CB1D6D5537002F986C /* PreferencesViewController.swift */,
				7C09E2CD1D6D5675002F986C /* LogViewController.swift */,
			);
			name = "Server Side";
			sourceTree = "<group>";
		};
		7C09E2D81D6D5AF2002F986C /* Video Player */ = {
			isa = PBXGroup;
			children = (
				7C09E2D91D6D5B1A002F986C /* PlayerWindowController.swift */,
				7C09E2DA1D6D5B1A002F986C /* PlayerViewController.swift */,
			);
			name = "Video Player";
			sourceTree = "<group>";
		};
		7C09E2DD1D6D5CF6002F986C /* Open URL Prompt */ = {
			isa = PBXGroup;
			children = (
				7C09E2DE1D6D5D02002F986C /* OpenURLPromptWindowController.swift */,
				7C09E2DF1D6D5D02002F986C /* OpenURLPromptViewController.swift */,
			);
			name = "Open URL Prompt";
			sourceTree = "<group>";
		};
		7CDBB3261D70FE3A00D1CF5A /* Weebly_Try */ = {
			isa = PBXGroup;
			children = (
				7CDBB3271D70FE5200D1CF5A /* trap.swift */,
				7CDBB3281D70FE5200D1CF5A /* WBTry.h */,
				7CDBB3291D70FE5200D1CF5A /* WBTry.m */,
			);
			name = Weebly_Try;
			sourceTree = "<group>";
		};
/* End PBXGroup section */

/* Begin PBXNativeTarget section */
		7C09E2941D6D3836002F986C /* SharktopodaTest */ = {
			isa = PBXNativeTarget;
			buildConfigurationList = 7C09E2A41D6D3836002F986C /* Build configuration list for PBXNativeTarget "SharktopodaTest" */;
			buildPhases = (
				7C09E2911D6D3836002F986C /* Sources */,
				7C09E2921D6D3836002F986C /* Frameworks */,
				7C09E2931D6D3836002F986C /* Resources */,
			);
			buildRules = (
			);
			dependencies = (
			);
			name = SharktopodaTest;
			productName = SharktopodaTest;
			productReference = 7C09E2951D6D3836002F986C /* SharktopodaTest.app */;
			productType = "com.apple.product-type.application";
		};
/* End PBXNativeTarget section */

/* Begin PBXProject section */
		7C09E28D1D6D3836002F986C /* Project object */ = {
			isa = PBXProject;
			attributes = {
				LastSwiftUpdateCheck = 0730;
				LastUpgradeCheck = 0730;
				ORGANIZATIONNAME = "Joseph Wardell";
				TargetAttributes = {
					7C09E2941D6D3836002F986C = {
						CreatedOnToolsVersion = 7.3;
						SystemCapabilities = {
							com.apple.Sandbox = {
								enabled = 0;
							};
						};
					};
				};
			};
			buildConfigurationList = 7C09E2901D6D3836002F986C /* Build configuration list for PBXProject "SharktopodaTest" */;
			compatibilityVersion = "Xcode 3.2";
			developmentRegion = English;
			hasScannedForEncodings = 0;
			knownRegions = (
				en,
				Base,
			);
			mainGroup = 7C09E28C1D6D3836002F986C;
			productRefGroup = 7C09E2961D6D3836002F986C /* Products */;
			projectDirPath = "";
			projectRoot = "";
			targets = (
				7C09E2941D6D3836002F986C /* SharktopodaTest */,
			);
		};
/* End PBXProject section */

/* Begin PBXResourcesBuildPhase section */
		7C09E2931D6D3836002F986C /* Resources */ = {
			isa = PBXResourcesBuildPhase;
			buildActionMask = 2147483647;
			files = (
				7C09E29D1D6D3836002F986C /* Assets.xcassets in Resources */,
				7C09E2A01D6D3836002F986C /* Main.storyboard in Resources */,
			);
			runOnlyForDeploymentPostprocessing = 0;
		};
/* End PBXResourcesBuildPhase section */

/* Begin PBXSourcesBuildPhase section */
		7C09E2911D6D3836002F986C /* Sources */ = {
			isa = PBXSourcesBuildPhase;
			buildActionMask = 2147483647;
			files = (
				7C09E2991D6D3836002F986C /* AppDelegate.swift in Sources */,
				7CAD50461D6DACCD00DF8F99 /* NSJSONDictionaryHelpers.swift in Sources */,
				7C09E96D1D708CA000EC50FA /* CMTime+Convenience.swift in Sources */,
				7C09E2AE1D6D4C41002F986C /* MessageHandler.swift in Sources */,
				7C09E2B41D6D4CA5002F986C /* NSUserDefaults+ServerPreferences.swift in Sources */,
				7C09E2B91D6D4D2C002F986C /* SharkCommandInterpreter.swift in Sources */,
				7C09E2BB1D6D4D35002F986C /* SharkResponse.swift in Sources */,
				7C09E2D41D6D5988002F986C /* VideoURLPlaybackRequester.swift in Sources */,
				7C09E2DB1D6D5B1A002F986C /* PlayerWindowController.swift in Sources */,
				7C09E2CC1D6D5537002F986C /* PreferencesViewController.swift in Sources */,
				7C09E2CE1D6D5675002F986C /* LogViewController.swift in Sources */,
				7C09E2DC1D6D5B1A002F986C /* PlayerViewController.swift in Sources */,
				7CDBB32B1D70FE5200D1CF5A /* WBTry.m in Sources */,
				7CDBB32A1D70FE5200D1CF5A /* trap.swift in Sources */,
				7C09E2AB1D6D4C08002F986C /* ServerCoordinator.swift in Sources */,
				7C09E2B11D6D4C79002F986C /* MessageHandlerViewController.swift in Sources */,
				7C09E2C21D6D4F58002F986C /* UDPService.swift in Sources */,
				7C086B461D6FB4D20034648C /* LoggingCoordinator.swift in Sources */,
				7C09E2D61D6D59C4002F986C /* SharkVideoCoordination.swift in Sources */,
				7C09E2BE1D6D4E6B002F986C /* Logging.swift in Sources */,
				7C09E2E11D6D5D02002F986C /* OpenURLPromptViewController.swift in Sources */,
				7C09E2B71D6D4D15002F986C /* SharkCommand.swift in Sources */,
				7C09E2CA1D6D4F96002F986C /* GCDAsyncUdpSocket.m in Sources */,
				7C09E2C01D6D4F43002F986C /* IPGeneral.swift in Sources */,
				7C09E2D21D6D5966002F986C /* VideoPlayerCoordinator.swift in Sources */,
				7C09E2E01D6D5D02002F986C /* OpenURLPromptWindowController.swift in Sources */,
			);
			runOnlyForDeploymentPostprocessing = 0;
		};
/* End PBXSourcesBuildPhase section */

/* Begin PBXVariantGroup section */
		7C09E29E1D6D3836002F986C /* Main.storyboard */ = {
			isa = PBXVariantGroup;
			children = (
				7C09E29F1D6D3836002F986C /* Base */,
			);
			name = Main.storyboard;
			sourceTree = "<group>";
		};
/* End PBXVariantGroup section */

/* Begin XCBuildConfiguration section */
		7C09E2A21D6D3836002F986C /* Debug */ = {
			isa = XCBuildConfiguration;
			buildSettings = {
				ALWAYS_SEARCH_USER_PATHS = NO;
				CLANG_ANALYZER_NONNULL = YES;
				CLANG_CXX_LANGUAGE_STANDARD = "gnu++0x";
				CLANG_CXX_LIBRARY = "libc++";
				CLANG_ENABLE_MODULES = YES;
				CLANG_ENABLE_OBJC_ARC = YES;
				CLANG_WARN_BOOL_CONVERSION = YES;
				CLANG_WARN_CONSTANT_CONVERSION = YES;
				CLANG_WARN_DIRECT_OBJC_ISA_USAGE = YES_ERROR;
				CLANG_WARN_EMPTY_BODY = YES;
				CLANG_WARN_ENUM_CONVERSION = YES;
				CLANG_WARN_INT_CONVERSION = YES;
				CLANG_WARN_OBJC_ROOT_CLASS = YES_ERROR;
				CLANG_WARN_UNREACHABLE_CODE = YES;
				CLANG_WARN__DUPLICATE_METHOD_MATCH = YES;
				CODE_SIGN_IDENTITY = "-";
				COPY_PHASE_STRIP = NO;
				DEBUG_INFORMATION_FORMAT = dwarf;
				ENABLE_STRICT_OBJC_MSGSEND = YES;
				ENABLE_TESTABILITY = YES;
				GCC_C_LANGUAGE_STANDARD = gnu99;
				GCC_DYNAMIC_NO_PIC = NO;
				GCC_NO_COMMON_BLOCKS = YES;
				GCC_OPTIMIZATION_LEVEL = 0;
				GCC_PREPROCESSOR_DEFINITIONS = (
					"DEBUG=1",
					"$(inherited)",
				);
				GCC_WARN_64_TO_32_BIT_CONVERSION = YES;
				GCC_WARN_ABOUT_RETURN_TYPE = YES_ERROR;
				GCC_WARN_UNDECLARED_SELECTOR = YES;
				GCC_WARN_UNINITIALIZED_AUTOS = YES_AGGRESSIVE;
				GCC_WARN_UNUSED_FUNCTION = YES;
				GCC_WARN_UNUSED_VARIABLE = YES;
				MACOSX_DEPLOYMENT_TARGET = 10.11;
				MTL_ENABLE_DEBUG_INFO = YES;
				ONLY_ACTIVE_ARCH = YES;
				SDKROOT = macosx;
				SWIFT_OPTIMIZATION_LEVEL = "-Onone";
			};
			name = Debug;
		};
		7C09E2A31D6D3836002F986C /* Release */ = {
			isa = XCBuildConfiguration;
			buildSettings = {
				ALWAYS_SEARCH_USER_PATHS = NO;
				CLANG_ANALYZER_NONNULL = YES;
				CLANG_CXX_LANGUAGE_STANDARD = "gnu++0x";
				CLANG_CXX_LIBRARY = "libc++";
				CLANG_ENABLE_MODULES = YES;
				CLANG_ENABLE_OBJC_ARC = YES;
				CLANG_WARN_BOOL_CONVERSION = YES;
				CLANG_WARN_CONSTANT_CONVERSION = YES;
				CLANG_WARN_DIRECT_OBJC_ISA_USAGE = YES_ERROR;
				CLANG_WARN_EMPTY_BODY = YES;
				CLANG_WARN_ENUM_CONVERSION = YES;
				CLANG_WARN_INT_CONVERSION = YES;
				CLANG_WARN_OBJC_ROOT_CLASS = YES_ERROR;
				CLANG_WARN_UNREACHABLE_CODE = YES;
				CLANG_WARN__DUPLICATE_METHOD_MATCH = YES;
				CODE_SIGN_IDENTITY = "-";
				COPY_PHASE_STRIP = NO;
				DEBUG_INFORMATION_FORMAT = "dwarf-with-dsym";
				ENABLE_NS_ASSERTIONS = NO;
				ENABLE_STRICT_OBJC_MSGSEND = YES;
				GCC_C_LANGUAGE_STANDARD = gnu99;
				GCC_NO_COMMON_BLOCKS = YES;
				GCC_WARN_64_TO_32_BIT_CONVERSION = YES;
				GCC_WARN_ABOUT_RETURN_TYPE = YES_ERROR;
				GCC_WARN_UNDECLARED_SELECTOR = YES;
				GCC_WARN_UNINITIALIZED_AUTOS = YES_AGGRESSIVE;
				GCC_WARN_UNUSED_FUNCTION = YES;
				GCC_WARN_UNUSED_VARIABLE = YES;
				MACOSX_DEPLOYMENT_TARGET = 10.11;
				MTL_ENABLE_DEBUG_INFO = NO;
				SDKROOT = macosx;
			};
			name = Release;
		};
		7C09E2A51D6D3836002F986C /* Debug */ = {
			isa = XCBuildConfiguration;
			buildSettings = {
				ASSETCATALOG_COMPILER_APPICON_NAME = AppIcon;
				CLANG_ENABLE_MODULES = YES;
				COMBINE_HIDPI_IMAGES = YES;
				INFOPLIST_FILE = SharktopodaTest/Info.plist;
				LD_RUNPATH_SEARCH_PATHS = "$(inherited) @executable_path/../Frameworks";
				PRODUCT_BUNDLE_IDENTIFIER = com.oldjewel.SharktopodaTest;
				PRODUCT_NAME = "$(TARGET_NAME)";
				SWIFT_OBJC_BRIDGING_HEADER = "SharktopodaTest/SharktopodaTest-Bridging-Header.h";
				SWIFT_OPTIMIZATION_LEVEL = "-Onone";
			};
			name = Debug;
		};
		7C09E2A61D6D3836002F986C /* Release */ = {
			isa = XCBuildConfiguration;
			buildSettings = {
				ASSETCATALOG_COMPILER_APPICON_NAME = AppIcon;
				CLANG_ENABLE_MODULES = YES;
				COMBINE_HIDPI_IMAGES = YES;
				INFOPLIST_FILE = SharktopodaTest/Info.plist;
				LD_RUNPATH_SEARCH_PATHS = "$(inherited) @executable_path/../Frameworks";
				PRODUCT_BUNDLE_IDENTIFIER = com.oldjewel.SharktopodaTest;
				PRODUCT_NAME = "$(TARGET_NAME)";
				SWIFT_OBJC_BRIDGING_HEADER = "SharktopodaTest/SharktopodaTest-Bridging-Header.h";
			};
			name = Release;
		};
/* End XCBuildConfiguration section */

/* Begin XCConfigurationList section */
		7C09E2901D6D3836002F986C /* Build configuration list for PBXProject "SharktopodaTest" */ = {
			isa = XCConfigurationList;
			buildConfigurations = (
				7C09E2A21D6D3836002F986C /* Debug */,
				7C09E2A31D6D3836002F986C /* Release */,
			);
			defaultConfigurationIsVisible = 0;
			defaultConfigurationName = Release;
		};
		7C09E2A41D6D3836002F986C /* Build configuration list for PBXNativeTarget "SharktopodaTest" */ = {
			isa = XCConfigurationList;
			buildConfigurations = (
				7C09E2A51D6D3836002F986C /* Debug */,
				7C09E2A61D6D3836002F986C /* Release */,
			);
			defaultConfigurationIsVisible = 0;
			defaultConfigurationName = Release;
		};
/* End XCConfigurationList section */
	};
	rootObject = 7C09E28D1D6D3836002F986C /* Project object */;
}
